PODS:
  - Flutter (1.0.0)
  - laikangning_sdk (0.0.1):
    - Flutter

DEPENDENCIES:
  - Flutter (from `Flutter`)
  - laikangning_sdk (from `.symlinks/plugins/laikangning_sdk/ios`)

EXTERNAL SOURCES:
  Flutter:
    :path: Flutter
  laikangning_sdk:
    :path: ".symlinks/plugins/laikangning_sdk/ios"

SPEC CHECKSUMS:
  Flutter: f04841e97a9d0b0a8025694d0796dd46242b2854
  laikangning_sdk: 58bbfd408535e011750eeac240137f13dd10deca

PODFILE CHECKSUM: ef19549a9bc3046e7bb7d2fab4d021637c0c58a3

COCOAPODS: 1.11.3
